
Microsoft Visual Studio Solution File, Format Version 12.00
# Visual Studio Version 16
VisualStudioVersion = 16.0.30128.74
MinimumVisualStudioVersion = 10.0.40219.1
Project("{9A19103F-16F7-4668-BE54-9A1E7A4F7556}") = "webapicqrsmediator.Api", "webapicqrsmediator.Api\webapicqrsmediator.Api.csproj", "{0775007B-CD6F-49FF-A400-B84886B7BF3D}"
EndProject
Project("{9A19103F-16F7-4668-BE54-9A1E7A4F7556}") = "webapicqrsmediator.Domain", "..\webapicqrsmediator.Domain\webapicqrsmediator.Domain.csproj", "{70B89EA3-E771-483A-A32A-EEE77F8DCA2C}"
EndProject
Project("{9A19103F-16F7-4668-BE54-9A1E7A4F7556}") = "webapicqrsmediator.Infrastructure", "..\webapicqrsmediator.Infrastructure\webapicqrsmediator.Infrastructure.csproj", "{D79DF017-11FA-4F1B-8844-16FE33DBCEC3}"
EndProject
Project("{9A19103F-16F7-4668-BE54-9A1E7A4F7556}") = "webapicqrsmediator.Shared", "..\webapicqrsmediator.Shared\webapicqrsmediator.Shared.csproj", "{8AF7AF38-52B8-483C-B316-2F7BF5AC09ED}"
EndProject
Project("{9A19103F-16F7-4668-BE54-9A1E7A4F7556}") = "webapicqrsmediator.UnitTests", "..\webapicqrsmediator.UnitTests\webapicqrsmediator.UnitTests.csproj", "{51F20EB4-24EA-458D-BD94-5329D451C1DD}"
EndProject
Project("{FAE04EC0-301F-11D3-BF4B-00C04F79EFBC}") = "webapicqrsmediator.Domain.Core", "..\webapicqrsmediator.Domain.Core\webapicqrsmediator.Domain.Core.csproj", "{5A92C9C8-F266-4F6A-8C5F-DF29F90A21C4}"
EndProject
Global
	GlobalSection(SolutionConfigurationPlatforms) = preSolution
		Debug|Any CPU = Debug|Any CPU
		Release|Any CPU = Release|Any CPU
	EndGlobalSection
	GlobalSection(ProjectConfigurationPlatforms) = postSolution
		{0775007B-CD6F-49FF-A400-B84886B7BF3D}.Debug|Any CPU.ActiveCfg = Debug|Any CPU
		{0775007B-CD6F-49FF-A400-B84886B7BF3D}.Debug|Any CPU.Build.0 = Debug|Any CPU
		{0775007B-CD6F-49FF-A400-B84886B7BF3D}.Release|Any CPU.ActiveCfg = Release|Any CPU
		{0775007B-CD6F-49FF-A400-B84886B7BF3D}.Release|Any CPU.Build.0 = Release|Any CPU
		{70B89EA3-E771-483A-A32A-EEE77F8DCA2C}.Debug|Any CPU.ActiveCfg = Debug|Any CPU
		{70B89EA3-E771-483A-A32A-EEE77F8DCA2C}.Debug|Any CPU.Build.0 = Debug|Any CPU
		{70B89EA3-E771-483A-A32A-EEE77F8DCA2C}.Release|Any CPU.ActiveCfg = Release|Any CPU
		{70B89EA3-E771-483A-A32A-EEE77F8DCA2C}.Release|Any CPU.Build.0 = Release|Any CPU
		{D79DF017-11FA-4F1B-8844-16FE33DBCEC3}.Debug|Any CPU.ActiveCfg = Debug|Any CPU
		{D79DF017-11FA-4F1B-8844-16FE33DBCEC3}.Debug|Any CPU.Build.0 = Debug|Any CPU
		{D79DF017-11FA-4F1B-8844-16FE33DBCEC3}.Release|Any CPU.ActiveCfg = Release|Any CPU
		{D79DF017-11FA-4F1B-8844-16FE33DBCEC3}.Release|Any CPU.Build.0 = Release|Any CPU
		{8AF7AF38-52B8-483C-B316-2F7BF5AC09ED}.Debug|Any CPU.ActiveCfg = Debug|Any CPU
		{8AF7AF38-52B8-483C-B316-2F7BF5AC09ED}.Debug|Any CPU.Build.0 = Debug|Any CPU
		{8AF7AF38-52B8-483C-B316-2F7BF5AC09ED}.Release|Any CPU.ActiveCfg = Release|Any CPU
		{8AF7AF38-52B8-483C-B316-2F7BF5AC09ED}.Release|Any CPU.Build.0 = Release|Any CPU
		{51F20EB4-24EA-458D-BD94-5329D451C1DD}.Debug|Any CPU.ActiveCfg = Debug|Any CPU
		{51F20EB4-24EA-458D-BD94-5329D451C1DD}.Debug|Any CPU.Build.0 = Debug|Any CPU
		{51F20EB4-24EA-458D-BD94-5329D451C1DD}.Release|Any CPU.ActiveCfg = Release|Any CPU
		{51F20EB4-24EA-458D-BD94-5329D451C1DD}.Release|Any CPU.Build.0 = Release|Any CPU
		{5A92C9C8-F266-4F6A-8C5F-DF29F90A21C4}.Debug|Any CPU.ActiveCfg = Debug|Any CPU
		{5A92C9C8-F266-4F6A-8C5F-DF29F90A21C4}.Debug|Any CPU.Build.0 = Debug|Any CPU
		{5A92C9C8-F266-4F6A-8C5F-DF29F90A21C4}.Release|Any CPU.ActiveCfg = Release|Any CPU
		{5A92C9C8-F266-4F6A-8C5F-DF29F90A21C4}.Release|Any CPU.Build.0 = Release|Any CPU
	EndGlobalSection
	GlobalSection(SolutionProperties) = preSolution
		HideSolutionNode = FALSE
	EndGlobalSection
	GlobalSection(ExtensibilityGlobals) = postSolution
		SolutionGuid = {DA58E564-9FB2-4155-B97B-B09377019FDE}
	EndGlobalSection
EndGlobal
